// !$*UTF8*$!
{
	archiveVersion = 1;
	classes = {
	};
	objectVersion = 46;
	objects = {

/* Begin PBXBuildFile section */
		5A06D47B1E837230002B13C7 /* main.m in Sources */ = {isa = PBXBuildFile; fileRef = 5A06D47A1E837230002B13C7 /* main.m */; };
		5A06D4831E837429002B13C7 /* SpringBoot.m in Sources */ = {isa = PBXBuildFile; fileRef = 5A06D4821E837429002B13C7 /* SpringBoot.m */; };
		5A06D4861E8381F0002B13C7 /* Author.m in Sources */ = {isa = PBXBuildFile; fileRef = 5A06D4851E8381F0002B13C7 /* Author.m */; };
		5A06D4891E83A213002B13C7 /* ListCommit.m in Sources */ = {isa = PBXBuildFile; fileRef = 5A06D4881E83A213002B13C7 /* ListCommit.m */; };
		5A06D48C1E83A760002B13C7 /* CommitInfo.m in Sources */ = {isa = PBXBuildFile; fileRef = 5A06D48B1E83A760002B13C7 /* CommitInfo.m */; };
/* End PBXBuildFile section */

/* Begin PBXCopyFilesBuildPhase section */
		5A06D4751E837230002B13C7 /* CopyFiles */ = {
			isa = PBXCopyFilesBuildPhase;
			buildActionMask = 2147483647;
			dstPath = /usr/share/man/man1/;
			dstSubfolderSpec = 0;
			files = (
			);
			runOnlyForDeploymentPostprocessing = 1;
		};
/* End PBXCopyFilesBuildPhase section */

/* Begin PBXFileReference section */
		5A06D4771E837230002B13C7 /* GetGithubJson */ = {isa = PBXFileReference; explicitFileType = "compiled.mach-o.executable"; includeInIndex = 0; path = GetGithubJson; sourceTree = BUILT_PRODUCTS_DIR; };
		5A06D47A1E837230002B13C7 /* main.m */ = {isa = PBXFileReference; lastKnownFileType = sourcecode.c.objc; path = main.m; sourceTree = "<group>"; };
		5A06D4811E837429002B13C7 /* SpringBoot.h */ = {isa = PBXFileReference; fileEncoding = 4; lastKnownFileType = sourcecode.c.h; path = SpringBoot.h; sourceTree = "<group>"; };
		5A06D4821E837429002B13C7 /* SpringBoot.m */ = {isa = PBXFileReference; fileEncoding = 4; lastKnownFileType = sourcecode.c.objc; path = SpringBoot.m; sourceTree = "<group>"; };
		5A06D4841E8381F0002B13C7 /* Author.h */ = {isa = PBXFileReference; fileEncoding = 4; lastKnownFileType = sourcecode.c.h; path = Author.h; sourceTree = "<group>"; };
		5A06D4851E8381F0002B13C7 /* Author.m */ = {isa = PBXFileReference; fileEncoding = 4; lastKnownFileType = sourcecode.c.objc; path = Author.m; sourceTree = "<group>"; };
		5A06D4871E83A213002B13C7 /* ListCommit.h */ = {isa = PBXFileReference; fileEncoding = 4; lastKnownFileType = sourcecode.c.h; path = ListCommit.h; sourceTree = "<group>"; };
		5A06D4881E83A213002B13C7 /* ListCommit.m */ = {isa = PBXFileReference; fileEncoding = 4; lastKnownFileType = sourcecode.c.objc; path = ListCommit.m; sourceTree = "<group>"; };
		5A06D48A1E83A760002B13C7 /* CommitInfo.h */ = {isa = PBXFileReference; fileEncoding = 4; lastKnownFileType = sourcecode.c.h; path = CommitInfo.h; sourceTree = "<group>"; };
		5A06D48B1E83A760002B13C7 /* CommitInfo.m */ = {isa = PBXFileReference; fileEncoding = 4; lastKnownFileType = sourcecode.c.objc; path = CommitInfo.m; sourceTree = "<group>"; };
/* End PBXFileReference section */

/* Begin PBXFrameworksBuildPhase section */
		5A06D4741E837230002B13C7 /* Frameworks */ = {
			isa = PBXFrameworksBuildPhase;
			buildActionMask = 2147483647;
			files = (
			);
			runOnlyForDeploymentPostprocessing = 0;
		};
/* End PBXFrameworksBuildPhase section */

/* Begin PBXGroup section */
		5A06D46E1E837230002B13C7 = {
			isa = PBXGroup;
			children = (
				5A06D4791E837230002B13C7 /* GetGithubJson */,
				5A06D4781E837230002B13C7 /* Products */,
			);
			sourceTree = "<group>";
		};
		5A06D4781E837230002B13C7 /* Products */ = {
			isa = PBXGroup;
			children = (
				5A06D4771E837230002B13C7 /* GetGithubJson */,
			);
			name = Products;
			sourceTree = "<group>";
		};
		5A06D4791E837230002B13C7 /* GetGithubJson */ = {
			isa = PBXGroup;
			children = (
				5A06D47A1E837230002B13C7 /* main.m */,
				5A06D48A1E83A760002B13C7 /* CommitInfo.h */,
				5A06D48B1E83A760002B13C7 /* CommitInfo.m */,
				5A06D4811E837429002B13C7 /* SpringBoot.h */,
				5A06D4821E837429002B13C7 /* SpringBoot.m */,
				5A06D4841E8381F0002B13C7 /* Author.h */,
				5A06D4851E8381F0002B13C7 /* Author.m */,
				5A06D4871E83A213002B13C7 /* ListCommit.h */,
				5A06D4881E83A213002B13C7 /* ListCommit.m */,
			);
			path = GetGithubJson;
			sourceTree = "<group>";
		};
/* End PBXGroup section */

/* Begin PBXNativeTarget section */
		5A06D4761E837230002B13C7 /* GetGithubJson */ = {
			isa = PBXNativeTarget;
			buildConfigurationList = 5A06D47E1E837230002B13C7 /* Build configuration list for PBXNativeTarget "GetGithubJson" */;
			buildPhases = (
				5A06D4731E837230002B13C7 /* Sources */,
				5A06D4741E837230002B13C7 /* Frameworks */,
				5A06D4751E837230002B13C7 /* CopyFiles */,
			);
			buildRules = (
			);
			dependencies = (
			);
			name = GetGithubJson;
			productName = GetGithubJson;
			productReference = 5A06D4771E837230002B13C7 /* GetGithubJson */;
			productType = "com.apple.product-type.tool";
		};
/* End PBXNativeTarget section */

/* Begin PBXProject section */
		5A06D46F1E837230002B13C7 /* Project object */ = {
			isa = PBXProject;
			attributes = {
				LastUpgradeCheck = 0820;
				ORGANIZATIONNAME = "Abdul Haziq";
				TargetAttributes = {
					5A06D4761E837230002B13C7 = {
						CreatedOnToolsVersion = 8.2.1;
						ProvisioningStyle = Automatic;
					};
				};
			};
			buildConfigurationList = 5A06D4721E837230002B13C7 /* Build configuration list for PBXProject "GetGithubJson" */;
			compatibilityVersion = "Xcode 3.2";
			developmentRegion = English;
			hasScannedForEncodings = 0;
			knownRegions = (
				en,
			);
			mainGroup = 5A06D46E1E837230002B13C7;
			productRefGroup = 5A06D4781E837230002B13C7 /* Products */;
			projectDirPath = "";
			projectRoot = "";
			targets = (
				5A06D4761E837230002B13C7 /* GetGithubJson */,
			);
		};
/* End PBXProject section */

/* Begin PBXSourcesBuildPhase section */
		5A06D4731E837230002B13C7 /* Sources */ = {
			isa = PBXSourcesBuildPhase;
			buildActionMask = 2147483647;
			files = (
				5A06D4891E83A213002B13C7 /* ListCommit.m in Sources */,
				5A06D4831E837429002B13C7 /* SpringBoot.m in Sources */,
				5A06D47B1E837230002B13C7 /* main.m in Sources */,
				5A06D48C1E83A760002B13C7 /* CommitInfo.m in Sources */,
				5A06D4861E8381F0002B13C7 /* Author.m in Sources */,
			);
			runOnlyForDeploymentPostprocessing = 0;
		};
/* End PBXSourcesBuildPhase section */

/* Begin XCBuildConfiguration section */
		5A06D47C1E837230002B13C7 /* Debug */ = {
			isa = XCBuildConfiguration;
			buildSettings = {
				ALWAYS_SEARCH_USER_PATHS = NO;
				CLANG_ANALYZER_NONNULL = YES;
				CLANG_CXX_LANGUAGE_STANDARD = "gnu++0x";
				CLANG_CXX_LIBRARY = "libc++";
				CLANG_ENABLE_MODULES = YES;
				CLANG_ENABLE_OBJC_ARC = YES;
				CLANG_WARN_BOOL_CONVERSION = YES;
				CLANG_WARN_CONSTANT_CONVERSION = YES;
				CLANG_WARN_DIRECT_OBJC_ISA_USAGE = YES_ERROR;
				CLANG_WARN_DOCUMENTATION_COMMENTS = YES;
				CLANG_WARN_EMPTY_BODY = YES;
				CLANG_WARN_ENUM_CONVERSION = YES;
				CLANG_WARN_INFINITE_RECURSION = YES;
				CLANG_WARN_INT_CONVERSION = YES;
				CLANG_WARN_OBJC_ROOT_CLASS = YES_ERROR;
				CLANG_WARN_SUSPICIOUS_MOVE = YES;
				CLANG_WARN_UNREACHABLE_CODE = YES;
				CLANG_WARN__DUPLICATE_METHOD_MATCH = YES;
				CODE_SIGN_IDENTITY = "-";
				COPY_PHASE_STRIP = NO;
				DEBUG_INFORMATION_FORMAT = dwarf;
				ENABLE_STRICT_OBJC_MSGSEND = YES;
				ENABLE_TESTABILITY = YES;
				GCC_C_LANGUAGE_STANDARD = gnu99;
				GCC_DYNAMIC_NO_PIC = NO;
				GCC_NO_COMMON_BLOCKS = YES;
				GCC_OPTIMIZATION_LEVEL = 0;
				GCC_PREPROCESSOR_DEFINITIONS = (
					"DEBUG=1",
					"$(inherited)",
				);
				GCC_WARN_64_TO_32_BIT_CONVERSION = YES;
				GCC_WARN_ABOUT_RETURN_TYPE = YES_ERROR;
				GCC_WARN_UNDECLARED_SELECTOR = YES;
				GCC_WARN_UNINITIALIZED_AUTOS = YES_AGGRESSIVE;
				GCC_WARN_UNUSED_FUNCTION = YES;
				GCC_WARN_UNUSED_VARIABLE = YES;
				MACOSX_DEPLOYMENT_TARGET = 10.11;
				MTL_ENABLE_DEBUG_INFO = YES;
				ONLY_ACTIVE_ARCH = YES;
				SDKROOT = macosx;
			};
			name = Debug;
		};
		5A06D47D1E837230002B13C7 /* Release */ = {
			isa = XCBuildConfiguration;
			buildSettings = {
				ALWAYS_SEARCH_USER_PATHS = NO;
				CLANG_ANALYZER_NONNULL = YES;
				CLANG_CXX_LANGUAGE_STANDARD = "gnu++0x";
				CLANG_CXX_LIBRARY = "libc++";
				CLANG_ENABLE_MODULES = YES;
				CLANG_ENABLE_OBJC_ARC = YES;
				CLANG_WARN_BOOL_CONVERSION = YES;
				CLANG_WARN_CONSTANT_CONVERSION = YES;
				CLANG_WARN_DIRECT_OBJC_ISA_USAGE = YES_ERROR;
				CLANG_WARN_DOCUMENTATION_COMMENTS = YES;
				CLANG_WARN_EMPTY_BODY = YES;
				CLANG_WARN_ENUM_CONVERSION = YES;
				CLANG_WARN_INFINITE_RECURSION = YES;
				CLANG_WARN_INT_CONVERSION = YES;
				CLANG_WARN_OBJC_ROOT_CLASS = YES_ERROR;
				CLANG_WARN_SUSPICIOUS_MOVE = YES;
				CLANG_WARN_UNREACHABLE_CODE = YES;
				CLANG_WARN__DUPLICATE_METHOD_MATCH = YES;
				CODE_SIGN_IDENTITY = "-";
				COPY_PHASE_STRIP = NO;
				DEBUG_INFORMATION_FORMAT = "dwarf-with-dsym";
				ENABLE_NS_ASSERTIONS = NO;
				ENABLE_STRICT_OBJC_MSGSEND = YES;
				GCC_C_LANGUAGE_STANDARD = gnu99;
				GCC_NO_COMMON_BLOCKS = YES;
				GCC_WARN_64_TO_32_BIT_CONVERSION = YES;
				GCC_WARN_ABOUT_RETURN_TYPE = YES_ERROR;
				GCC_WARN_UNDECLARED_SELECTOR = YES;
				GCC_WARN_UNINITIALIZED_AUTOS = YES_AGGRESSIVE;
				GCC_WARN_UNUSED_FUNCTION = YES;
				GCC_WARN_UNUSED_VARIABLE = YES;
				MACOSX_DEPLOYMENT_TARGET = 10.11;
				MTL_ENABLE_DEBUG_INFO = NO;
				SDKROOT = macosx;
			};
			name = Release;
		};
		5A06D47F1E837230002B13C7 /* Debug */ = {
			isa = XCBuildConfiguration;
			buildSettings = {
				PRODUCT_NAME = "$(TARGET_NAME)";
			};
			name = Debug;
		};
		5A06D4801E837230002B13C7 /* Release */ = {
			isa = XCBuildConfiguration;
			buildSettings = {
				PRODUCT_NAME = "$(TARGET_NAME)";
			};
			name = Release;
		};
/* End XCBuildConfiguration section */

/* Begin XCConfigurationList section */
		5A06D4721E837230002B13C7 /* Build configuration list for PBXProject "GetGithubJson" */ = {
			isa = XCConfigurationList;
			buildConfigurations = (
				5A06D47C1E837230002B13C7 /* Debug */,
				5A06D47D1E837230002B13C7 /* Release */,
			);
			defaultConfigurationIsVisible = 0;
			defaultConfigurationName = Release;
		};
		5A06D47E1E837230002B13C7 /* Build configuration list for PBXNativeTarget "GetGithubJson" */ = {
			isa = XCConfigurationList;
			buildConfigurations = (
				5A06D47F1E837230002B13C7 /* Debug */,
				5A06D4801E837230002B13C7 /* Release */,
			);
			defaultConfigurationIsVisible = 0;
		};
/* End XCConfigurationList section */
	};
	rootObject = 5A06D46F1E837230002B13C7 /* Project object */;
}
